
Microsoft Visual Studio Solution File, Format Version 12.00
# Visual Studio Version 17
VisualStudioVersion = 17.2.32616.157
MinimumVisualStudioVersion = 10.0.40219.1
Project("{FAE04EC0-301F-11D3-BF4B-00C04F79EFBC}") = "RankBoard", "RankBoard\RankBoard.csproj", "{D4D36441-FBE0-4183-A4B5-9383742A1E44}"
EndProject
Global
	GlobalSection(SolutionConfigurationPlatforms) = preSolution
		Debug|Any CPU = Debug|Any CPU
		Release|Any CPU = Release|Any CPU
	EndGlobalSection
	GlobalSection(ProjectConfigurationPlatforms) = postSolution
		{D4D36441-FBE0-4183-A4B5-9383742A1E44}.Debug|Any CPU.ActiveCfg = Debug|Any CPU
		{D4D36441-FBE0-4183-A4B5-9383742A1E44}.Debug|Any CPU.Build.0 = Debug|Any CPU
		{D4D36441-FBE0-4183-A4B5-9383742A1E44}.Release|Any CPU.ActiveCfg = Release|Any CPU
		{D4D36441-FBE0-4183-A4B5-9383742A1E44}.Release|Any CPU.Build.0 = Release|Any CPU
	EndGlobalSection
	GlobalSection(SolutionProperties) = preSolution
		HideSolutionNode = FALSE
	EndGlobalSection
	GlobalSection(ExtensibilityGlobals) = postSolution
		SolutionGuid = {498F07AB-6BA0-4525-8A71-809763A4EF11}
	EndGlobalSection
EndGlobal
